{
    "_readme": [
        "This file locks the dependencies of your project to a known state",
        "Read more about it at https://getcomposer.org/doc/01-basic-usage.md#installing-dependencies",
        "This file is @generated automatically"
    ],
    "content-hash": "899173b29eafc25a389556c52c60197a",
    "packages": [
        {
            "name": "liquid/liquid",
            "version": "1.4.42",
            "source": {
                "type": "git",
                "url": "https://github.com/kalimatas/php-liquid.git",
                "reference": "de705d5629f037ce078ae068fd98c6cd2ef6ba51"
            },
            "dist": {
                "type": "zip",
                "url": "https://api.github.com/repos/kalimatas/php-liquid/zipball/de705d5629f037ce078ae068fd98c6cd2ef6ba51",
                "reference": "de705d5629f037ce078ae068fd98c6cd2ef6ba51",
                "shasum": ""
            },
            "require": {
                "php": "^7.4 || ^8.0"
            },
            "require-dev": {
                "ergebnis/composer-normalize": ">=2.8",
                "friendsofphp/php-cs-fixer": "^3.22",
                "infection/infection": ">=0.17.6",
                "php-coveralls/php-coveralls": "^2.2",
                "phpunit/phpunit": "^9.2.6"
            },
            "type": "library",
            "extra": {
                "branch-alias": {
                    "dev-master": "1.x-dev"
                }
            },
            "autoload": {
                "psr-4": {
                    "Liquid\\": "src/Liquid"
                }
            },
            "notification-url": "https://packagist.org/downloads/",
            "license": [
                "MIT"
            ],
            "authors": [
                {
                    "name": "Guz Alexander",
                    "email": "kalimatas@gmail.com",
                    "homepage": "http://guzalexander.com"
                },
                {
                    "name": "Harald Hanek"
                },
                {
                    "name": "Mateo Murphy"
                },
                {
                    "name": "Alexey Kopytko",
                    "email": "alexey@kopytko.com",
                    "homepage": "https://www.alexeykopytko.com/"
                }
            ],
            "description": "Liquid template engine for PHP",
            "homepage": "https://github.com/kalimatas/php-liquid",
            "keywords": [
                "liquid",
                "template"
            ],
            "support": {
                "issues": "https://github.com/kalimatas/php-liquid/issues",
                "source": "https://github.com/kalimatas/php-liquid/tree/1.4.42"
            },
            "time": "2024-03-19T10:22:06+00:00"
        }
    ],
    "packages-dev": [],
    "aliases": [],
    "minimum-stability": "stable",
    "stability-flags": [],
    "prefer-stable": false,
    "prefer-lowest": false,
    "platform": [],
    "platform-dev": [],
    "plugin-api-version": "2.6.0"
}
